
Microsoft Visual Studio Solution File, Format Version 12.00
# Visual Studio 15
VisualStudioVersion = 15.0.28307.168
MinimumVisualStudioVersion = 10.0.40219.1
Project("{FAE04EC0-301F-11D3-BF4B-00C04F79EFBC}") = "WebApplication1", "WebApplication1\WebApplication1.csproj", "{AAA48A75-5320-49B6-A0CB-396AF62FACFF}"
EndProject
Global
	GlobalSection(SolutionConfigurationPlatforms) = preSolution
		Debug|Any CPU = Debug|Any CPU
		Release|Any CPU = Release|Any CPU
	EndGlobalSection
	GlobalSection(ProjectConfigurationPlatforms) = postSolution
		{AAA48A75-5320-49B6-A0CB-396AF62FACFF}.Debug|Any CPU.ActiveCfg = Debug|Any CPU
		{AAA48A75-5320-49B6-A0CB-396AF62FACFF}.Debug|Any CPU.Build.0 = Debug|Any CPU
		{AAA48A75-5320-49B6-A0CB-396AF62FACFF}.Release|Any CPU.ActiveCfg = Release|Any CPU
		{AAA48A75-5320-49B6-A0CB-396AF62FACFF}.Release|Any CPU.Build.0 = Release|Any CPU
	EndGlobalSection
	GlobalSection(SolutionProperties) = preSolution
		HideSolutionNode = FALSE
	EndGlobalSection
	GlobalSection(ExtensibilityGlobals) = postSolution
		SolutionGuid = {D3D516C6-136D-458F-8A1E-E6F73EC933BA}
	EndGlobalSection
EndGlobal
